<Solution>
  <Project Path="FirstProject/FirstProject.csproj" />
  <Project Path="Lecture4/Lecture4.csproj" Id="d8b1d0ce-3e79-4611-a815-1f925cc55370" />
  <Project Path="Lecture6/Lecture6.csproj" Id="84769670-f8bf-40b2-803f-08d8dd141d22" />
  <Project Path="Lecture7/Lecture7.csproj" Id="7136c8cb-d903-455e-a65f-ce46e9bff4f0" />
  <Project Path="Lecture8/Lecture8.csproj" Id="3cc85955-e346-4b4b-a271-9961fad07bf6" />
  <Project Path="Lecture9/Lecture9.csproj" Id="89067804-5390-4d78-933d-be42f48c9b6a" />
</Solution>
